
Microsoft Visual Studio Solution File, Format Version 12.00
# Visual Studio Version 17
VisualStudioVersion = 17.5.33502.453
MinimumVisualStudioVersion = 10.0.40219.1
Project("{FAE04EC0-301F-11D3-BF4B-00C04F79EFBC}") = "Campo electrico programa", "Campo electrico programa.csproj", "{71C00AB8-C58D-49AE-A8A7-C281BA9025CE}"
EndProject
Global
	GlobalSection(SolutionConfigurationPlatforms) = preSolution
		Debug|Any CPU = Debug|Any CPU
		Release|Any CPU = Release|Any CPU
	EndGlobalSection
	GlobalSection(ProjectConfigurationPlatforms) = postSolution
		{71C00AB8-C58D-49AE-A8A7-C281BA9025CE}.Debug|Any CPU.ActiveCfg = Debug|Any CPU
		{71C00AB8-C58D-49AE-A8A7-C281BA9025CE}.Debug|Any CPU.Build.0 = Debug|Any CPU
		{71C00AB8-C58D-49AE-A8A7-C281BA9025CE}.Release|Any CPU.ActiveCfg = Release|Any CPU
		{71C00AB8-C58D-49AE-A8A7-C281BA9025CE}.Release|Any CPU.Build.0 = Release|Any CPU
	EndGlobalSection
	GlobalSection(SolutionProperties) = preSolution
		HideSolutionNode = FALSE
	EndGlobalSection
	GlobalSection(ExtensibilityGlobals) = postSolution
		SolutionGuid = {E3C81A74-9A1E-4C7D-94A9-73317E3F699A}
	EndGlobalSection
EndGlobal
